// !$*UTF8*$!
{
	archiveVersion = 1;
	classes = {
	};
	objectVersion = 45;
	objects = {

/* Begin PBXBuildFile section */
		1D3623260D0F684500981E51 /* AppDelegate.m in Sources */ = {isa = PBXBuildFile; fileRef = 1D3623250D0F684500981E51 /* AppDelegate.m */; };
		1D60589B0D05DD56006BFB54 /* main.m in Sources */ = {isa = PBXBuildFile; fileRef = 29B97316FDCFA39411CA2CEA /* main.m */; };
		1D60589F0D05DD5A006BFB54 /* Foundation.framework in Frameworks */ = {isa = PBXBuildFile; fileRef = 1D30AB110D05D00D00671497 /* Foundation.framework */; };
		1DF5F4E00D08C38300B7A737 /* UIKit.framework in Frameworks */ = {isa = PBXBuildFile; fileRef = 1DF5F4DF0D08C38300B7A737 /* UIKit.framework */; };
		2892E4100DC94CBA00A64D0F /* CoreGraphics.framework in Frameworks */ = {isa = PBXBuildFile; fileRef = 2892E40F0DC94CBA00A64D0F /* CoreGraphics.framework */; };
		28C286E10D94DF7D0034E888 /* CatalogController.m in Sources */ = {isa = PBXBuildFile; fileRef = 28C286E00D94DF7D0034E888 /* CatalogController.m */; };
		4C05F9B811B7917F002FCEDB /* LauncherViewSplashController.m in Sources */ = {isa = PBXBuildFile; fileRef = 4C05F9B711B7917F002FCEDB /* LauncherViewSplashController.m */; };
		6E002567116A6D1A00D1F0CB /* TableWithShadowController.m in Sources */ = {isa = PBXBuildFile; fileRef = 6E002566116A6D1A00D1F0CB /* TableWithShadowController.m */; };
		6E7F97A9118E37C700443B46 /* libThree20.a in Frameworks */ = {isa = PBXBuildFile; fileRef = 6E7F977E118E37BB00443B46 /* libThree20.a */; };
		6E94C6AD116D98220012B12C /* Default.png in Resources */ = {isa = PBXBuildFile; fileRef = 6E94C6AB116D98220012B12C /* Default.png */; };
		9A09BA0711C55AE3008713FF /* MockPhotoSource.m in Sources */ = {isa = PBXBuildFile; fileRef = 9A09BA0011C55AE3008713FF /* MockPhotoSource.m */; };
		9A09BA0811C55AE3008713FF /* PhotoTest1Controller.m in Sources */ = {isa = PBXBuildFile; fileRef = 9A09BA0311C55AE3008713FF /* PhotoTest1Controller.m */; };
		9A09BA0911C55AE3008713FF /* PhotoTest2Controller.m in Sources */ = {isa = PBXBuildFile; fileRef = 9A09BA0611C55AE3008713FF /* PhotoTest2Controller.m */; };
		9A09BA1111C55AF1008713FF /* StyleTestController.m in Sources */ = {isa = PBXBuildFile; fileRef = 9A09BA0D11C55AF1008713FF /* StyleTestController.m */; };
		9A09BA1211C55AF1008713FF /* StyledTextTestController.m in Sources */ = {isa = PBXBuildFile; fileRef = 9A09BA1011C55AF1008713FF /* StyledTextTestController.m */; };
		9A09BA4211C55E3D008713FF /* FBConnectGlobal.m in Sources */ = {isa = PBXBuildFile; fileRef = 9A09BA3011C55E3D008713FF /* FBConnectGlobal.m */; };
		9A09BA4311C55E3D008713FF /* FBSession.m in Sources */ = {isa = PBXBuildFile; fileRef = 9A09BA3211C55E3D008713FF /* FBSession.m */; };
		9A09BA4411C55E3D008713FF /* FBRequest.m in Sources */ = {isa = PBXBuildFile; fileRef = 9A09BA3411C55E3D008713FF /* FBRequest.m */; };
		9A09BA4511C55E3D008713FF /* FBXMLHandler.m in Sources */ = {isa = PBXBuildFile; fileRef = 9A09BA3611C55E3D008713FF /* FBXMLHandler.m */; };
		9A09BA4611C55E3D008713FF /* FBLoginButton.m in Sources */ = {isa = PBXBuildFile; fileRef = 9A09BA3811C55E3D008713FF /* FBLoginButton.m */; };
		9A09BA4711C55E3D008713FF /* FBDialog.m in Sources */ = {isa = PBXBuildFile; fileRef = 9A09BA3A11C55E3D008713FF /* FBDialog.m */; };
		9A09BA4811C55E3D008713FF /* FBLoginDialog.m in Sources */ = {isa = PBXBuildFile; fileRef = 9A09BA3C11C55E3D008713FF /* FBLoginDialog.m */; };
		9A09BA4911C55E3D008713FF /* FBPermissionDialog.m in Sources */ = {isa = PBXBuildFile; fileRef = 9A09BA3E11C55E3D008713FF /* FBPermissionDialog.m */; };
		9A09BA4A11C55E3D008713FF /* FBStreamDialog.m in Sources */ = {isa = PBXBuildFile; fileRef = 9A09BA4011C55E3D008713FF /* FBStreamDialog.m */; };
		9A09BA4B11C55E3D008713FF /* FBConnect.bundle in Resources */ = {isa = PBXBuildFile; fileRef = 9A09BA4111C55E3D008713FF /* FBConnect.bundle */; };
		9AE5B10211BC87AE00C07C1E /* Wordbook.png in Resources */ = {isa = PBXBuildFile; fileRef = 9AE5B10111BC87AE00C07C1E /* Wordbook.png */; };
		9AE5B10A11BC87D700C07C1E /* Dice.png in Resources */ = {isa = PBXBuildFile; fileRef = 9AE5B10911BC87D700C07C1E /* Dice.png */; };
		9AE5B10C11BC87DC00C07C1E /* Dropbox.png in Resources */ = {isa = PBXBuildFile; fileRef = 9AE5B10B11BC87DC00C07C1E /* Dropbox.png */; };
		9AE5B10E11BC87E300C07C1E /* facebook.png in Resources */ = {isa = PBXBuildFile; fileRef = 9AE5B10D11BC87E300C07C1E /* facebook.png */; };
		9AE5B11011BC87FC00C07C1E /* Monkey.png in Resources */ = {isa = PBXBuildFile; fileRef = 9AE5B10F11BC87FC00C07C1E /* Monkey.png */; };
		9AE5B12411BC88BB00C07C1E /* IRC.png in Resources */ = {isa = PBXBuildFile; fileRef = 9AE5B12311BC88BB00C07C1E /* IRC.png */; };
		9AE5B12611BC88BF00C07C1E /* Last.png in Resources */ = {isa = PBXBuildFile; fileRef = 9AE5B12511BC88BF00C07C1E /* Last.png */; };
		9AE5B13011BC90D000C07C1E /* twitter.png in Resources */ = {isa = PBXBuildFile; fileRef = 9AE5B12F11BC90D000C07C1E /* twitter.png */; };
		9AE5B13611BC915B00C07C1E /* Mail.png in Resources */ = {isa = PBXBuildFile; fileRef = 9AE5B13511BC915B00C07C1E /* Mail.png */; };
		BE1289C20F91811E00F65EA2 /* mask.png in Resources */ = {isa = PBXBuildFile; fileRef = BE1289C10F91811E00F65EA2 /* mask.png */; };
		BE1D843A0F8D104B00EC8BB8 /* QuartzCore.framework in Frameworks */ = {isa = PBXBuildFile; fileRef = BE1D84390F8D104B00EC8BB8 /* QuartzCore.framework */; };
		BE20A49C0FF418B2008791F4 /* TableControlsTestController.m in Sources */ = {isa = PBXBuildFile; fileRef = BE20A49B0FF418B2008791F4 /* TableControlsTestController.m */; };
		BE3188A10F822E2C00E3067D /* smiley.png in Resources */ = {isa = PBXBuildFile; fileRef = BE3188A00F822E2C00E3067D /* smiley.png */; };
		BE69B7590F62874900C02928 /* TableTestController.m in Sources */ = {isa = PBXBuildFile; fileRef = BE69B7580F62874900C02928 /* TableTestController.m */; };
		BE6E46EC0F4578BA001CE9B4 /* TabBarTestController.m in Sources */ = {isa = PBXBuildFile; fileRef = BE6E46EB0F4578BA001CE9B4 /* TabBarTestController.m */; };
		BE6E4AA50F4655A4001CE9B4 /* TableItemTestController.m in Sources */ = {isa = PBXBuildFile; fileRef = BE6E4AA40F4655A4001CE9B4 /* TableItemTestController.m */; };
		BE6E4DC00F46A352001CE9B4 /* tableIcon.png in Resources */ = {isa = PBXBuildFile; fileRef = BE6E4DBF0F46A352001CE9B4 /* tableIcon.png */; };
		BE80E3710EAF0F3000743358 /* TableImageTestController.m in Sources */ = {isa = PBXBuildFile; fileRef = BE80E3700EAF0F3000743358 /* TableImageTestController.m */; };
		BE80E3A70EAF108500743358 /* ImageTest1Controller.m in Sources */ = {isa = PBXBuildFile; fileRef = BE80E3A60EAF108500743358 /* ImageTest1Controller.m */; };
		BE8C0F7D0F2018C600EB0E98 /* YouTubeTestController.m in Sources */ = {isa = PBXBuildFile; fileRef = BE8C0F7C0F2018C600EB0E98 /* YouTubeTestController.m */; };
		BEA6BA7F101431DA00B83B3A /* defaultPerson.png in Resources */ = {isa = PBXBuildFile; fileRef = BEA6BA7E101431DA00B83B3A /* defaultPerson.png */; };
		BEA6BAAD101436AC00B83B3A /* defaultMusic.png in Resources */ = {isa = PBXBuildFile; fileRef = BEA6BAAC101436AC00B83B3A /* defaultMusic.png */; };
		BEC5EC680F8C307E007622CD /* ButtonTestController.m in Sources */ = {isa = PBXBuildFile; fileRef = BEC5EC670F8C307E007622CD /* ButtonTestController.m */; };
		BEC787631040A430005C00CF /* LauncherViewTestController.m in Sources */ = {isa = PBXBuildFile; fileRef = BEC787621040A430005C00CF /* LauncherViewTestController.m */; };
		BECB1CC20F46AE9600AE5B52 /* person.jpg in Resources */ = {isa = PBXBuildFile; fileRef = BECB1CC10F46AE9600AE5B52 /* person.jpg */; };
		BEDCFBB40F4FFF820060B7D1 /* Three20.bundle in Resources */ = {isa = PBXBuildFile; fileRef = BEDCFBB30F4FFF820060B7D1 /* Three20.bundle */; };
		BEE341B40F480C76008C826E /* MessageTestController.m in Sources */ = {isa = PBXBuildFile; fileRef = BEE341B30F480C76008C826E /* MessageTestController.m */; };
		BEE346BC0F48F15C008C826E /* SearchTestController.m in Sources */ = {isa = PBXBuildFile; fileRef = BEE346BB0F48F15C008C826E /* SearchTestController.m */; };
		BEE348AC0F490F43008C826E /* MockDataSource.m in Sources */ = {isa = PBXBuildFile; fileRef = BEE348AB0F490F43008C826E /* MockDataSource.m */; };
		BEE38E810EB288BA00189902 /* ActivityTestController.m in Sources */ = {isa = PBXBuildFile; fileRef = BEE38E800EB288BA00189902 /* ActivityTestController.m */; };
		BEF199220F818E720010D36E /* StyledTextTableTestController.m in Sources */ = {isa = PBXBuildFile; fileRef = BEF1991F0F818E720010D36E /* StyledTextTableTestController.m */; };
		BEF6EC370F280CB300CF4096 /* ScrollViewTestController.m in Sources */ = {isa = PBXBuildFile; fileRef = BEF6EC360F280CB300CF4096 /* ScrollViewTestController.m */; };
/* End PBXBuildFile section */

/* Begin PBXContainerItemProxy section */
		6E7F977D118E37BB00443B46 /* PBXContainerItemProxy */ = {
			isa = PBXContainerItemProxy;
			containerPortal = 6E7F9752118E37BA00443B46 /* Three20.xcodeproj */;
			proxyType = 2;
			remoteGlobalIDString = BEF31F3A0F352DF5000DE5D2;
			remoteInfo = Three20;
		};
		6E7F977F118E37BB00443B46 /* PBXContainerItemProxy */ = {
			isa = PBXContainerItemProxy;
			containerPortal = 6E7F9752118E37BA00443B46 /* Three20.xcodeproj */;
			proxyType = 2;
			remoteGlobalIDString = EB9E6C6210B6A8F800DE563C;
			remoteInfo = UnitTests;
		};
		6E7F97AA118E37CE00443B46 /* PBXContainerItemProxy */ = {
			isa = PBXContainerItemProxy;
			containerPortal = 6E7F9752118E37BA00443B46 /* Three20.xcodeproj */;
			proxyType = 1;
			remoteGlobalIDString = BEF31F390F352DF5000DE5D2;
			remoteInfo = Three20;
		};
		9A09BAD411C56378008713FF /* PBXContainerItemProxy */ = {
			isa = PBXContainerItemProxy;
			containerPortal = 9A09BAD011C56378008713FF /* Connect.xcodeproj */;
			proxyType = 2;
			remoteGlobalIDString = 1D6058910D05DD3D006BFB54;
			remoteInfo = Connect;
		};
/* End PBXContainerItemProxy section */

/* Begin PBXFileReference section */
		1D30AB110D05D00D00671497 /* Foundation.framework */ = {isa = PBXFileReference; lastKnownFileType = wrapper.framework; name = Foundation.framework; path = System/Library/Frameworks/Foundation.framework; sourceTree = SDKROOT; };
		1D3623240D0F684500981E51 /* AppDelegate.h */ = {isa = PBXFileReference; fileEncoding = 4; lastKnownFileType = sourcecode.c.h; path = AppDelegate.h; sourceTree = "<group>"; };
		1D3623250D0F684500981E51 /* AppDelegate.m */ = {isa = PBXFileReference; fileEncoding = 4; lastKnownFileType = sourcecode.c.objc; path = AppDelegate.m; sourceTree = "<group>"; };
		1D6058910D05DD3D006BFB54 /* TTCatalog.app */ = {isa = PBXFileReference; explicitFileType = wrapper.application; includeInIndex = 0; path = TTCatalog.app; sourceTree = BUILT_PRODUCTS_DIR; };
		1DF5F4DF0D08C38300B7A737 /* UIKit.framework */ = {isa = PBXFileReference; lastKnownFileType = wrapper.framework; name = UIKit.framework; path = System/Library/Frameworks/UIKit.framework; sourceTree = SDKROOT; };
		2892E40F0DC94CBA00A64D0F /* CoreGraphics.framework */ = {isa = PBXFileReference; lastKnownFileType = wrapper.framework; name = CoreGraphics.framework; path = System/Library/Frameworks/CoreGraphics.framework; sourceTree = SDKROOT; };
		28C286DF0D94DF7D0034E888 /* CatalogController.h */ = {isa = PBXFileReference; fileEncoding = 4; lastKnownFileType = sourcecode.c.h; path = CatalogController.h; sourceTree = "<group>"; };
		28C286E00D94DF7D0034E888 /* CatalogController.m */ = {isa = PBXFileReference; fileEncoding = 4; lastKnownFileType = sourcecode.c.objc; path = CatalogController.m; sourceTree = "<group>"; };
		29B97316FDCFA39411CA2CEA /* main.m */ = {isa = PBXFileReference; fileEncoding = 4; lastKnownFileType = sourcecode.c.objc; path = main.m; sourceTree = "<group>"; };
		4C05F9B611B7917F002FCEDB /* LauncherViewSplashController.h */ = {isa = PBXFileReference; fileEncoding = 4; lastKnownFileType = sourcecode.c.h; path = LauncherViewSplashController.h; sourceTree = "<group>"; };
		4C05F9B711B7917F002FCEDB /* LauncherViewSplashController.m */ = {isa = PBXFileReference; fileEncoding = 4; lastKnownFileType = sourcecode.c.objc; path = LauncherViewSplashController.m; sourceTree = "<group>"; };
		6E002565116A6D1A00D1F0CB /* TableWithShadowController.h */ = {isa = PBXFileReference; fileEncoding = 4; lastKnownFileType = sourcecode.c.h; path = TableWithShadowController.h; sourceTree = "<group>"; };
		6E002566116A6D1A00D1F0CB /* TableWithShadowController.m */ = {isa = PBXFileReference; fileEncoding = 4; lastKnownFileType = sourcecode.c.objc; path = TableWithShadowController.m; sourceTree = "<group>"; };
		6E7F9752118E37BA00443B46 /* Three20.xcodeproj */ = {isa = PBXFileReference; lastKnownFileType = "wrapper.pb-project"; name = Three20.xcodeproj; path = ../../src/Three20/Three20.xcodeproj; sourceTree = SOURCE_ROOT; };
		6E7F9960118E3A6000443B46 /* App.xcconfig */ = {isa = PBXFileReference; fileEncoding = 4; lastKnownFileType = text.xcconfig; name = App.xcconfig; path = Configurations/App.xcconfig; sourceTree = "<group>"; };
		6E7F9961118E3A6000443B46 /* Project.xcconfig */ = {isa = PBXFileReference; fileEncoding = 4; lastKnownFileType = text.xcconfig; name = Project.xcconfig; path = Configurations/Project.xcconfig; sourceTree = "<group>"; };
		6E7F9962118E3A6000443B46 /* RelPath.xcconfig */ = {isa = PBXFileReference; fileEncoding = 4; lastKnownFileType = text.xcconfig; name = RelPath.xcconfig; path = Configurations/RelPath.xcconfig; sourceTree = "<group>"; };
		6E7F9963118E3A6000443B46 /* UnitTests.xcconfig */ = {isa = PBXFileReference; fileEncoding = 4; lastKnownFileType = text.xcconfig; name = UnitTests.xcconfig; path = Configurations/UnitTests.xcconfig; sourceTree = "<group>"; };
		6E7F9964118E3A7600443B46 /* TTCatalog_Prefix.pch */ = {isa = PBXFileReference; fileEncoding = 4; lastKnownFileType = sourcecode.c.h; name = TTCatalog_Prefix.pch; path = Headers/TTCatalog_Prefix.pch; sourceTree = "<group>"; };
		6E94C6AB116D98220012B12C /* Default.png */ = {isa = PBXFileReference; lastKnownFileType = image.png; name = Default.png; path = ../Resources/Default.png; sourceTree = SOURCE_ROOT; };
		8D1107310486CEB800E47090 /* Info.plist */ = {isa = PBXFileReference; fileEncoding = 4; lastKnownFileType = text.plist.xml; path = Info.plist; sourceTree = "<group>"; };
		9A09B9FF11C55AE3008713FF /* MockPhotoSource.h */ = {isa = PBXFileReference; fileEncoding = 4; lastKnownFileType = sourcecode.c.h; path = MockPhotoSource.h; sourceTree = SOURCE_ROOT; };
		9A09BA0011C55AE3008713FF /* MockPhotoSource.m */ = {isa = PBXFileReference; fileEncoding = 4; lastKnownFileType = sourcecode.c.objc; path = MockPhotoSource.m; sourceTree = SOURCE_ROOT; };
		9A09BA0211C55AE3008713FF /* PhotoTest1Controller.h */ = {isa = PBXFileReference; fileEncoding = 4; lastKnownFileType = sourcecode.c.h; path = PhotoTest1Controller.h; sourceTree = SOURCE_ROOT; };
		9A09BA0311C55AE3008713FF /* PhotoTest1Controller.m */ = {isa = PBXFileReference; fileEncoding = 4; lastKnownFileType = sourcecode.c.objc; path = PhotoTest1Controller.m; sourceTree = SOURCE_ROOT; };
		9A09BA0511C55AE3008713FF /* PhotoTest2Controller.h */ = {isa = PBXFileReference; fileEncoding = 4; lastKnownFileType = sourcecode.c.h; path = PhotoTest2Controller.h; sourceTree = SOURCE_ROOT; };
		9A09BA0611C55AE3008713FF /* PhotoTest2Controller.m */ = {isa = PBXFileReference; fileEncoding = 4; lastKnownFileType = sourcecode.c.objc; path = PhotoTest2Controller.m; sourceTree = SOURCE_ROOT; };
		9A09BA0C11C55AF1008713FF /* StyleTestController.h */ = {isa = PBXFileReference; fileEncoding = 4; lastKnownFileType = sourcecode.c.h; path = StyleTestController.h; sourceTree = SOURCE_ROOT; };
		9A09BA0D11C55AF1008713FF /* StyleTestController.m */ = {isa = PBXFileReference; fileEncoding = 4; lastKnownFileType = sourcecode.c.objc; path = StyleTestController.m; sourceTree = SOURCE_ROOT; };
		9A09BA0F11C55AF1008713FF /* StyledTextTestController.h */ = {isa = PBXFileReference; fileEncoding = 4; lastKnownFileType = sourcecode.c.h; path = StyledTextTestController.h; sourceTree = SOURCE_ROOT; };
		9A09BA1011C55AF1008713FF /* StyledTextTestController.m */ = {isa = PBXFileReference; fileEncoding = 4; lastKnownFileType = sourcecode.c.objc; path = StyledTextTestController.m; sourceTree = SOURCE_ROOT; };
		9A09BA2E11C55E3D008713FF /* FBConnect.h */ = {isa = PBXFileReference; fileEncoding = 4; lastKnownFileType = sourcecode.c.h; name = FBConnect.h; path = Classes/FBConnect.h; sourceTree = SOURCE_ROOT; };
		9A09BA2F11C55E3D008713FF /* FBConnectGlobal.h */ = {isa = PBXFileReference; fileEncoding = 4; lastKnownFileType = sourcecode.c.h; name = FBConnectGlobal.h; path = Classes/FBConnectGlobal.h; sourceTree = SOURCE_ROOT; };
		9A09BA3011C55E3D008713FF /* FBConnectGlobal.m */ = {isa = PBXFileReference; fileEncoding = 4; lastKnownFileType = sourcecode.c.objc; name = FBConnectGlobal.m; path = Classes/FBConnectGlobal.m; sourceTree = SOURCE_ROOT; };
		9A09BA3111C55E3D008713FF /* FBSession.h */ = {isa = PBXFileReference; fileEncoding = 4; lastKnownFileType = sourcecode.c.h; name = FBSession.h; path = Classes/FBSession.h; sourceTree = SOURCE_ROOT; };
		9A09BA3211C55E3D008713FF /* FBSession.m */ = {isa = PBXFileReference; fileEncoding = 4; lastKnownFileType = sourcecode.c.objc; name = FBSession.m; path = Classes/FBSession.m; sourceTree = SOURCE_ROOT; };
		9A09BA3311C55E3D008713FF /* FBRequest.h */ = {isa = PBXFileReference; fileEncoding = 4; lastKnownFileType = sourcecode.c.h; name = FBRequest.h; path = Classes/FBRequest.h; sourceTree = SOURCE_ROOT; };
		9A09BA3411C55E3D008713FF /* FBRequest.m */ = {isa = PBXFileReference; fileEncoding = 4; lastKnownFileType = sourcecode.c.objc; name = FBRequest.m; path = Classes/FBRequest.m; sourceTree = SOURCE_ROOT; };
		9A09BA3511C55E3D008713FF /* FBXMLHandler.h */ = {isa = PBXFileReference; fileEncoding = 4; lastKnownFileType = sourcecode.c.h; name = FBXMLHandler.h; path = Classes/FBXMLHandler.h; sourceTree = SOURCE_ROOT; };
		9A09BA3611C55E3D008713FF /* FBXMLHandler.m */ = {isa = PBXFileReference; fileEncoding = 4; lastKnownFileType = sourcecode.c.objc; name = FBXMLHandler.m; path = Classes/FBXMLHandler.m; sourceTree = SOURCE_ROOT; };
		9A09BA3711C55E3D008713FF /* FBLoginButton.h */ = {isa = PBXFileReference; fileEncoding = 4; lastKnownFileType = sourcecode.c.h; name = FBLoginButton.h; path = Classes/FBLoginButton.h; sourceTree = SOURCE_ROOT; };
		9A09BA3811C55E3D008713FF /* FBLoginButton.m */ = {isa = PBXFileReference; fileEncoding = 4; lastKnownFileType = sourcecode.c.objc; name = FBLoginButton.m; path = Classes/FBLoginButton.m; sourceTree = SOURCE_ROOT; };
		9A09BA3911C55E3D008713FF /* FBDialog.h */ = {isa = PBXFileReference; fileEncoding = 4; lastKnownFileType = sourcecode.c.h; name = FBDialog.h; path = Classes/FBDialog.h; sourceTree = SOURCE_ROOT; };
		9A09BA3A11C55E3D008713FF /* FBDialog.m */ = {isa = PBXFileReference; fileEncoding = 4; lastKnownFileType = sourcecode.c.objc; name = FBDialog.m; path = Classes/FBDialog.m; sourceTree = SOURCE_ROOT; };
		9A09BA3B11C55E3D008713FF /* FBLoginDialog.h */ = {isa = PBXFileReference; fileEncoding = 4; lastKnownFileType = sourcecode.c.h; name = FBLoginDialog.h; path = Classes/FBLoginDialog.h; sourceTree = SOURCE_ROOT; };
		9A09BA3C11C55E3D008713FF /* FBLoginDialog.m */ = {isa = PBXFileReference; fileEncoding = 4; lastKnownFileType = sourcecode.c.objc; name = FBLoginDialog.m; path = Classes/FBLoginDialog.m; sourceTree = SOURCE_ROOT; };
		9A09BA3D11C55E3D008713FF /* FBPermissionDialog.h */ = {isa = PBXFileReference; fileEncoding = 4; lastKnownFileType = sourcecode.c.h; name = FBPermissionDialog.h; path = Classes/FBPermissionDialog.h; sourceTree = SOURCE_ROOT; };
		9A09BA3E11C55E3D008713FF /* FBPermissionDialog.m */ = {isa = PBXFileReference; fileEncoding = 4; lastKnownFileType = sourcecode.c.objc; name = FBPermissionDialog.m; path = Classes/FBPermissionDialog.m; sourceTree = SOURCE_ROOT; };
		9A09BA3F11C55E3D008713FF /* FBStreamDialog.h */ = {isa = PBXFileReference; fileEncoding = 4; lastKnownFileType = sourcecode.c.h; name = FBStreamDialog.h; path = Classes/FBStreamDialog.h; sourceTree = SOURCE_ROOT; };
		9A09BA4011C55E3D008713FF /* FBStreamDialog.m */ = {isa = PBXFileReference; fileEncoding = 4; lastKnownFileType = sourcecode.c.objc; name = FBStreamDialog.m; path = Classes/FBStreamDialog.m; sourceTree = SOURCE_ROOT; };
		9A09BA4111C55E3D008713FF /* FBConnect.bundle */ = {isa = PBXFileReference; lastKnownFileType = "wrapper.plug-in"; name = FBConnect.bundle; path = Classes/FBConnect.bundle; sourceTree = SOURCE_ROOT; };
		9A09BA8A11C55FED008713FF /* FBTranslationsLoader.h */ = {isa = PBXFileReference; fileEncoding = 4; lastKnownFileType = sourcecode.c.h; name = FBTranslationsLoader.h; path = Classes/FBTranslationsLoader.h; sourceTree = SOURCE_ROOT; };
		9A09BA8B11C55FFA008713FF /* FBUploadResultReceiver.h */ = {isa = PBXFileReference; fileEncoding = 4; lastKnownFileType = sourcecode.c.h; name = FBUploadResultReceiver.h; path = Classes/FBUploadResultReceiver.h; sourceTree = SOURCE_ROOT; };
		9A09BA8E11C5603C008713FF /* FBNativeStringUploader.h */ = {isa = PBXFileReference; fileEncoding = 4; lastKnownFileType = sourcecode.c.h; name = FBNativeStringUploader.h; path = Classes/FBNativeStringUploader.h; sourceTree = SOURCE_ROOT; };
		9A09BAD011C56378008713FF /* Connect.xcodeproj */ = {isa = PBXFileReference; lastKnownFileType = "wrapper.pb-project"; name = Connect.xcodeproj; path = ../../../facebook/samples/Connect/Connect.xcodeproj; sourceTree = SOURCE_ROOT; };
		9AE5B10111BC87AE00C07C1E /* Wordbook.png */ = {isa = PBXFileReference; lastKnownFileType = image.png; path = Wordbook.png; sourceTree = "<group>"; };
		9AE5B10711BC87B800C07C1E /* PuzzloopFree.png */ = {isa = PBXFileReference; lastKnownFileType = image.png; path = PuzzloopFree.png; sourceTree = "<group>"; };
		9AE5B10811BC87B800C07C1E /* Soccer.png */ = {isa = PBXFileReference; lastKnownFileType = image.png; path = Soccer.png; sourceTree = "<group>"; };
		9AE5B10911BC87D700C07C1E /* Dice.png */ = {isa = PBXFileReference; lastKnownFileType = image.png; path = Dice.png; sourceTree = "<group>"; };
		9AE5B10B11BC87DC00C07C1E /* Dropbox.png */ = {isa = PBXFileReference; lastKnownFileType = image.png; path = Dropbox.png; sourceTree = "<group>"; };
		9AE5B10D11BC87E300C07C1E /* facebook.png */ = {isa = PBXFileReference; lastKnownFileType = image.png; path = facebook.png; sourceTree = "<group>"; };
		9AE5B10F11BC87FC00C07C1E /* Monkey.png */ = {isa = PBXFileReference; lastKnownFileType = image.png; path = Monkey.png; sourceTree = "<group>"; };
		9AE5B12311BC88BB00C07C1E /* IRC.png */ = {isa = PBXFileReference; lastKnownFileType = image.png; path = IRC.png; sourceTree = "<group>"; };
		9AE5B12511BC88BF00C07C1E /* Last.png */ = {isa = PBXFileReference; lastKnownFileType = image.png; path = Last.png; sourceTree = "<group>"; };
		9AE5B12F11BC90D000C07C1E /* twitter.png */ = {isa = PBXFileReference; lastKnownFileType = image.png; path = twitter.png; sourceTree = "<group>"; };
		9AE5B13511BC915B00C07C1E /* Mail.png */ = {isa = PBXFileReference; lastKnownFileType = image.png; path = Mail.png; sourceTree = "<group>"; };
		BE1289C10F91811E00F65EA2 /* mask.png */ = {isa = PBXFileReference; lastKnownFileType = image.png; path = mask.png; sourceTree = "<group>"; };
		BE1D84390F8D104B00EC8BB8 /* QuartzCore.framework */ = {isa = PBXFileReference; lastKnownFileType = wrapper.framework; name = QuartzCore.framework; path = System/Library/Frameworks/QuartzCore.framework; sourceTree = SDKROOT; };
		BE20A49A0FF418B2008791F4 /* TableControlsTestController.h */ = {isa = PBXFileReference; fileEncoding = 4; lastKnownFileType = sourcecode.c.h; path = TableControlsTestController.h; sourceTree = "<group>"; };
		BE20A49B0FF418B2008791F4 /* TableControlsTestController.m */ = {isa = PBXFileReference; fileEncoding = 4; lastKnownFileType = sourcecode.c.objc; path = TableControlsTestController.m; sourceTree = "<group>"; };
		BE3188A00F822E2C00E3067D /* smiley.png */ = {isa = PBXFileReference; lastKnownFileType = image.png; path = smiley.png; sourceTree = "<group>"; };
		BE69B7570F62874900C02928 /* TableTestController.h */ = {isa = PBXFileReference; fileEncoding = 4; lastKnownFileType = sourcecode.c.h; path = TableTestController.h; sourceTree = "<group>"; };
		BE69B7580F62874900C02928 /* TableTestController.m */ = {isa = PBXFileReference; fileEncoding = 4; lastKnownFileType = sourcecode.c.objc; path = TableTestController.m; sourceTree = "<group>"; };
		BE6E46EA0F4578BA001CE9B4 /* TabBarTestController.h */ = {isa = PBXFileReference; fileEncoding = 4; lastKnownFileType = sourcecode.c.h; path = TabBarTestController.h; sourceTree = "<group>"; };
		BE6E46EB0F4578BA001CE9B4 /* TabBarTestController.m */ = {isa = PBXFileReference; fileEncoding = 4; lastKnownFileType = sourcecode.c.objc; path = TabBarTestController.m; sourceTree = "<group>"; };
		BE6E4AA30F4655A4001CE9B4 /* TableItemTestController.h */ = {isa = PBXFileReference; fileEncoding = 4; lastKnownFileType = sourcecode.c.h; path = TableItemTestController.h; sourceTree = "<group>"; };
		BE6E4AA40F4655A4001CE9B4 /* TableItemTestController.m */ = {isa = PBXFileReference; fileEncoding = 4; lastKnownFileType = sourcecode.c.objc; path = TableItemTestController.m; sourceTree = "<group>"; };
		BE6E4DBF0F46A352001CE9B4 /* tableIcon.png */ = {isa = PBXFileReference; lastKnownFileType = image.png; path = tableIcon.png; sourceTree = "<group>"; };
		BE80E36F0EAF0F3000743358 /* TableImageTestController.h */ = {isa = PBXFileReference; fileEncoding = 4; lastKnownFileType = sourcecode.c.h; path = TableImageTestController.h; sourceTree = "<group>"; };
		BE80E3700EAF0F3000743358 /* TableImageTestController.m */ = {isa = PBXFileReference; fileEncoding = 4; lastKnownFileType = sourcecode.c.objc; path = TableImageTestController.m; sourceTree = "<group>"; };
		BE80E3A50EAF108500743358 /* ImageTest1Controller.h */ = {isa = PBXFileReference; fileEncoding = 4; lastKnownFileType = sourcecode.c.h; path = ImageTest1Controller.h; sourceTree = "<group>"; };
		BE80E3A60EAF108500743358 /* ImageTest1Controller.m */ = {isa = PBXFileReference; fileEncoding = 4; lastKnownFileType = sourcecode.c.objc; path = ImageTest1Controller.m; sourceTree = "<group>"; };
		BE8C0F7B0F2018C600EB0E98 /* YouTubeTestController.h */ = {isa = PBXFileReference; fileEncoding = 4; lastKnownFileType = sourcecode.c.h; path = YouTubeTestController.h; sourceTree = "<group>"; };
		BE8C0F7C0F2018C600EB0E98 /* YouTubeTestController.m */ = {isa = PBXFileReference; fileEncoding = 4; lastKnownFileType = sourcecode.c.objc; path = YouTubeTestController.m; sourceTree = "<group>"; };
		BEA6BA7E101431DA00B83B3A /* defaultPerson.png */ = {isa = PBXFileReference; lastKnownFileType = image.png; path = defaultPerson.png; sourceTree = "<group>"; };
		BEA6BAAC101436AC00B83B3A /* defaultMusic.png */ = {isa = PBXFileReference; lastKnownFileType = image.png; path = defaultMusic.png; sourceTree = "<group>"; };
		BEC5EC660F8C307E007622CD /* ButtonTestController.h */ = {isa = PBXFileReference; fileEncoding = 4; lastKnownFileType = sourcecode.c.h; path = ButtonTestController.h; sourceTree = "<group>"; };
		BEC5EC670F8C307E007622CD /* ButtonTestController.m */ = {isa = PBXFileReference; fileEncoding = 4; lastKnownFileType = sourcecode.c.objc; path = ButtonTestController.m; sourceTree = "<group>"; };
		BEC787611040A430005C00CF /* LauncherViewTestController.h */ = {isa = PBXFileReference; fileEncoding = 4; lastKnownFileType = sourcecode.c.h; path = LauncherViewTestController.h; sourceTree = "<group>"; };
		BEC787621040A430005C00CF /* LauncherViewTestController.m */ = {isa = PBXFileReference; fileEncoding = 4; lastKnownFileType = sourcecode.c.objc; path = LauncherViewTestController.m; sourceTree = "<group>"; };
		BECB1CC10F46AE9600AE5B52 /* person.jpg */ = {isa = PBXFileReference; lastKnownFileType = image.jpeg; path = person.jpg; sourceTree = "<group>"; };
		BEDCFBB30F4FFF820060B7D1 /* Three20.bundle */ = {isa = PBXFileReference; lastKnownFileType = "wrapper.plug-in"; name = Three20.bundle; path = ../../src/Three20.bundle; sourceTree = SOURCE_ROOT; };
		BEE341B20F480C76008C826E /* MessageTestController.h */ = {isa = PBXFileReference; fileEncoding = 4; lastKnownFileType = sourcecode.c.h; path = MessageTestController.h; sourceTree = "<group>"; };
		BEE341B30F480C76008C826E /* MessageTestController.m */ = {isa = PBXFileReference; fileEncoding = 4; lastKnownFileType = sourcecode.c.objc; path = MessageTestController.m; sourceTree = "<group>"; };
		BEE346BA0F48F15C008C826E /* SearchTestController.h */ = {isa = PBXFileReference; fileEncoding = 4; lastKnownFileType = sourcecode.c.h; path = SearchTestController.h; sourceTree = "<group>"; };
		BEE346BB0F48F15C008C826E /* SearchTestController.m */ = {isa = PBXFileReference; fileEncoding = 4; lastKnownFileType = sourcecode.c.objc; path = SearchTestController.m; sourceTree = "<group>"; };
		BEE348AA0F490F43008C826E /* MockDataSource.h */ = {isa = PBXFileReference; fileEncoding = 4; lastKnownFileType = sourcecode.c.h; path = MockDataSource.h; sourceTree = "<group>"; };
		BEE348AB0F490F43008C826E /* MockDataSource.m */ = {isa = PBXFileReference; fileEncoding = 4; lastKnownFileType = sourcecode.c.objc; path = MockDataSource.m; sourceTree = "<group>"; };
		BEE38E7F0EB288BA00189902 /* ActivityTestController.h */ = {isa = PBXFileReference; fileEncoding = 4; lastKnownFileType = sourcecode.c.h; path = ActivityTestController.h; sourceTree = "<group>"; };
		BEE38E800EB288BA00189902 /* ActivityTestController.m */ = {isa = PBXFileReference; fileEncoding = 4; lastKnownFileType = sourcecode.c.objc; path = ActivityTestController.m; sourceTree = "<group>"; };
		BEF1991E0F818E720010D36E /* StyledTextTableTestController.h */ = {isa = PBXFileReference; fileEncoding = 4; lastKnownFileType = sourcecode.c.h; path = StyledTextTableTestController.h; sourceTree = "<group>"; };
		BEF1991F0F818E720010D36E /* StyledTextTableTestController.m */ = {isa = PBXFileReference; fileEncoding = 4; lastKnownFileType = sourcecode.c.objc; path = StyledTextTableTestController.m; sourceTree = "<group>"; };
		BEF6EC350F280CB300CF4096 /* ScrollViewTestController.h */ = {isa = PBXFileReference; fileEncoding = 4; lastKnownFileType = sourcecode.c.h; path = ScrollViewTestController.h; sourceTree = "<group>"; };
		BEF6EC360F280CB300CF4096 /* ScrollViewTestController.m */ = {isa = PBXFileReference; fileEncoding = 4; lastKnownFileType = sourcecode.c.objc; path = ScrollViewTestController.m; sourceTree = "<group>"; };
/* End PBXFileReference section */

/* Begin PBXFrameworksBuildPhase section */
		1D60588F0D05DD3D006BFB54 /* Frameworks */ = {
			isa = PBXFrameworksBuildPhase;
			buildActionMask = 2147483647;
			files = (
				1D60589F0D05DD5A006BFB54 /* Foundation.framework in Frameworks */,
				1DF5F4E00D08C38300B7A737 /* UIKit.framework in Frameworks */,
				2892E4100DC94CBA00A64D0F /* CoreGraphics.framework in Frameworks */,
				BE1D843A0F8D104B00EC8BB8 /* QuartzCore.framework in Frameworks */,
				6E7F97A9118E37C700443B46 /* libThree20.a in Frameworks */,
			);
			runOnlyForDeploymentPostprocessing = 0;
		};
/* End PBXFrameworksBuildPhase section */

/* Begin PBXGroup section */
		080E96DDFE201D6D7F000001 /* Classes */ = {
			isa = PBXGroup;
			children = (
				9A09BA2D11C55E3D008713FF /* FBConnect */,
				1D3623240D0F684500981E51 /* AppDelegate.h */,
				1D3623250D0F684500981E51 /* AppDelegate.m */,
				28C286DF0D94DF7D0034E888 /* CatalogController.h */,
				28C286E00D94DF7D0034E888 /* CatalogController.m */,
				9A09BA0A11C55AF1008713FF /* Styles */,
				9A09B9FE11C55AE3008713FF /* Photos */,
				EA108119101B386D0098AAC2 /* Controls */,
				EA108168101B3A350098AAC2 /* Tables */,
				EA108135101B39140098AAC2 /* Models */,
				EA108141101B39510098AAC2 /* General */,
				BEC7875C1040A405005C00CF /* Launcher */,
			);
			path = Classes;
			sourceTree = "<group>";
		};
		19C28FACFE9D520D11CA2CBB /* Products */ = {
			isa = PBXGroup;
			children = (
				1D6058910D05DD3D006BFB54 /* TTCatalog.app */,
			);
			name = Products;
			sourceTree = "<group>";
		};
		29B97314FDCFA39411CA2CEA /* CustomTemplate */ = {
			isa = PBXGroup;
			children = (
				9A09BAD011C56378008713FF /* Connect.xcodeproj */,
				080E96DDFE201D6D7F000001 /* Classes */,
				29B97315FDCFA39411CA2CEA /* Other Sources */,
				6E7F995E118E3A4800443B46 /* Configurations */,
				6E7F9782118E37BE00443B46 /* Dependencies */,
				29B97323FDCFA39411CA2CEA /* Frameworks */,
				29B97317FDCFA39411CA2CEA /* Resources */,
				19C28FACFE9D520D11CA2CBB /* Products */,
			);
			name = CustomTemplate;
			sourceTree = "<group>";
		};
		29B97315FDCFA39411CA2CEA /* Other Sources */ = {
			isa = PBXGroup;
			children = (
				6E7F9964118E3A7600443B46 /* TTCatalog_Prefix.pch */,
				29B97316FDCFA39411CA2CEA /* main.m */,
			);
			name = "Other Sources";
			sourceTree = "<group>";
		};
		29B97317FDCFA39411CA2CEA /* Resources */ = {
			isa = PBXGroup;
			children = (
				BEDCFBB30F4FFF820060B7D1 /* Three20.bundle */,
				6E94C6AB116D98220012B12C /* Default.png */,
				9AE5B10B11BC87DC00C07C1E /* Dropbox.png */,
				9AE5B12311BC88BB00C07C1E /* IRC.png */,
				9AE5B13511BC915B00C07C1E /* Mail.png */,
				9AE5B10D11BC87E300C07C1E /* facebook.png */,
				9AE5B12511BC88BF00C07C1E /* Last.png */,
				9AE5B10F11BC87FC00C07C1E /* Monkey.png */,
				9AE5B10911BC87D700C07C1E /* Dice.png */,
				9AE5B10711BC87B800C07C1E /* PuzzloopFree.png */,
				9AE5B12F11BC90D000C07C1E /* twitter.png */,
				9AE5B10811BC87B800C07C1E /* Soccer.png */,
				BEA6BAAC101436AC00B83B3A /* defaultMusic.png */,
				9AE5B10111BC87AE00C07C1E /* Wordbook.png */,
				BEA6BA7E101431DA00B83B3A /* defaultPerson.png */,
				BE6E4DBF0F46A352001CE9B4 /* tableIcon.png */,
				BECB1CC10F46AE9600AE5B52 /* person.jpg */,
				BE3188A00F822E2C00E3067D /* smiley.png */,
				BE1289C10F91811E00F65EA2 /* mask.png */,
				8D1107310486CEB800E47090 /* Info.plist */,
			);
			name = Resources;
			sourceTree = "<group>";
		};
		29B97323FDCFA39411CA2CEA /* Frameworks */ = {
			isa = PBXGroup;
			children = (
				BE1D84390F8D104B00EC8BB8 /* QuartzCore.framework */,
				2892E40F0DC94CBA00A64D0F /* CoreGraphics.framework */,
				1DF5F4DF0D08C38300B7A737 /* UIKit.framework */,
				1D30AB110D05D00D00671497 /* Foundation.framework */,
			);
			name = Frameworks;
			sourceTree = "<group>";
		};
		6E002564116A6CF900D1F0CB /* Table With Shadow */ = {
			isa = PBXGroup;
			children = (
				6E002565116A6D1A00D1F0CB /* TableWithShadowController.h */,
				6E002566116A6D1A00D1F0CB /* TableWithShadowController.m */,
			);
			name = "Table With Shadow";
			sourceTree = "<group>";
		};
		6E7F9753118E37BA00443B46 /* Products */ = {
			isa = PBXGroup;
			children = (
				6E7F977E118E37BB00443B46 /* libThree20.a */,
				6E7F9780118E37BB00443B46 /* UnitTests.octest */,
			);
			name = Products;
			sourceTree = "<group>";
		};
		6E7F9782118E37BE00443B46 /* Dependencies */ = {
			isa = PBXGroup;
			children = (
				6E7F9752118E37BA00443B46 /* Three20.xcodeproj */,
			);
			name = Dependencies;
			sourceTree = "<group>";
		};
		6E7F995E118E3A4800443B46 /* Configurations */ = {
			isa = PBXGroup;
			children = (
				6E7F9960118E3A6000443B46 /* App.xcconfig */,
				6E7F9961118E3A6000443B46 /* Project.xcconfig */,
				6E7F9962118E3A6000443B46 /* RelPath.xcconfig */,
				6E7F9963118E3A6000443B46 /* UnitTests.xcconfig */,
			);
			name = Configurations;
			sourceTree = "<group>";
		};
		9A09B9FE11C55AE3008713FF /* Photos */ = {
			isa = PBXGroup;
			children = (
				9A09BA0411C55AE3008713FF /* Photo Thumbnails */,
				9A09BA0111C55AE3008713FF /* Photo Browser */,
				9A09B9FF11C55AE3008713FF /* MockPhotoSource.h */,
				9A09BA0011C55AE3008713FF /* MockPhotoSource.m */,
			);
			name = Photos;
			sourceTree = SOURCE_ROOT;
		};
		9A09BA0111C55AE3008713FF /* Photo Browser */ = {
			isa = PBXGroup;
			children = (
				9A09BA0211C55AE3008713FF /* PhotoTest1Controller.h */,
				9A09BA0311C55AE3008713FF /* PhotoTest1Controller.m */,
			);
			name = "Photo Browser";
			sourceTree = SOURCE_ROOT;
		};
		9A09BA0411C55AE3008713FF /* Photo Thumbnails */ = {
			isa = PBXGroup;
			children = (
				9A09BA0511C55AE3008713FF /* PhotoTest2Controller.h */,
				9A09BA0611C55AE3008713FF /* PhotoTest2Controller.m */,
			);
			name = "Photo Thumbnails";
			sourceTree = SOURCE_ROOT;
		};
		9A09BA0A11C55AF1008713FF /* Styles */ = {
			isa = PBXGroup;
			children = (
				9A09BA0E11C55AF1008713FF /* Styled Labels */,
				9A09BA0B11C55AF1008713FF /* Styled Views */,
			);
			name = Styles;
			path = ..;
			sourceTree = "<group>";
		};
		9A09BA0B11C55AF1008713FF /* Styled Views */ = {
			isa = PBXGroup;
			children = (
				9A09BA0C11C55AF1008713FF /* StyleTestController.h */,
				9A09BA0D11C55AF1008713FF /* StyleTestController.m */,
			);
			name = "Styled Views";
			sourceTree = SOURCE_ROOT;
		};
		9A09BA0E11C55AF1008713FF /* Styled Labels */ = {
			isa = PBXGroup;
			children = (
				9A09BA0F11C55AF1008713FF /* StyledTextTestController.h */,
				9A09BA1011C55AF1008713FF /* StyledTextTestController.m */,
			);
			name = "Styled Labels";
			sourceTree = SOURCE_ROOT;
		};
		9A09BA2D11C55E3D008713FF /* FBConnect */ = {
			isa = PBXGroup;
			children = (
				9A09BA2E11C55E3D008713FF /* FBConnect.h */,
				9A09BA8A11C55FED008713FF /* FBTranslationsLoader.h */,
				9A09BA2F11C55E3D008713FF /* FBConnectGlobal.h */,
				9A09BA3011C55E3D008713FF /* FBConnectGlobal.m */,
				9A09BA3111C55E3D008713FF /* FBSession.h */,
				9A09BA3211C55E3D008713FF /* FBSession.m */,
				9A09BA3311C55E3D008713FF /* FBRequest.h */,
				9A09BA8B11C55FFA008713FF /* FBUploadResultReceiver.h */,
				9A09BA3411C55E3D008713FF /* FBRequest.m */,
				9A09BA3511C55E3D008713FF /* FBXMLHandler.h */,
				9A09BA3611C55E3D008713FF /* FBXMLHandler.m */,
				9A09BA3711C55E3D008713FF /* FBLoginButton.h */,
				9A09BA3811C55E3D008713FF /* FBLoginButton.m */,
				9A09BA3911C55E3D008713FF /* FBDialog.h */,
				9A09BA8E11C5603C008713FF /* FBNativeStringUploader.h */,
				9A09BA3A11C55E3D008713FF /* FBDialog.m */,
				9A09BA3B11C55E3D008713FF /* FBLoginDialog.h */,
				9A09BA3C11C55E3D008713FF /* FBLoginDialog.m */,
				9A09BA3D11C55E3D008713FF /* FBPermissionDialog.h */,
				9A09BA3E11C55E3D008713FF /* FBPermissionDialog.m */,
				9A09BA3F11C55E3D008713FF /* FBStreamDialog.h */,
				9A09BA4011C55E3D008713FF /* FBStreamDialog.m */,
				9A09BA4111C55E3D008713FF /* FBConnect.bundle */,
			);
			name = FBConnect;
			path = Classes;
			sourceTree = SOURCE_ROOT;
		};
		9A09BAD111C56378008713FF /* Products */ = {
			isa = PBXGroup;
			children = (
				9A09BAD511C56378008713FF /* Connect.app */,
			);
			name = Products;
			sourceTree = "<group>";
		};
		BEC7875C1040A405005C00CF /* Launcher */ = {
			isa = PBXGroup;
			children = (
				4C05F9B611B7917F002FCEDB /* LauncherViewSplashController.h */,
				4C05F9B711B7917F002FCEDB /* LauncherViewSplashController.m */,
				BEC787611040A430005C00CF /* LauncherViewTestController.h */,
				BEC787621040A430005C00CF /* LauncherViewTestController.m */,
			);
			name = Launcher;
			sourceTree = "<group>";
		};
		EA108119101B386D0098AAC2 /* Controls */ = {
			isa = PBXGroup;
			children = (
				EA10811D101B38830098AAC2 /* Buttons */,
				EA10811C101B387D0098AAC2 /* Tabs */,
				EA10811B101B38780098AAC2 /* Composers */,
			);
			name = Controls;
			sourceTree = "<group>";
		};
		EA10811B101B38780098AAC2 /* Composers */ = {
			isa = PBXGroup;
			children = (
				BEE341B20F480C76008C826E /* MessageTestController.h */,
				BEE341B30F480C76008C826E /* MessageTestController.m */,
			);
			name = Composers;
			sourceTree = "<group>";
		};
		EA10811C101B387D0098AAC2 /* Tabs */ = {
			isa = PBXGroup;
			children = (
				BE6E46EA0F4578BA001CE9B4 /* TabBarTestController.h */,
				BE6E46EB0F4578BA001CE9B4 /* TabBarTestController.m */,
			);
			name = Tabs;
			sourceTree = "<group>";
		};
		EA10811D101B38830098AAC2 /* Buttons */ = {
			isa = PBXGroup;
			children = (
				BEC5EC660F8C307E007622CD /* ButtonTestController.h */,
				BEC5EC670F8C307E007622CD /* ButtonTestController.m */,
			);
			name = Buttons;
			sourceTree = "<group>";
		};
		EA108135101B39140098AAC2 /* Models */ = {
			isa = PBXGroup;
			children = (
				BEE348AA0F490F43008C826E /* MockDataSource.h */,
				BEE348AB0F490F43008C826E /* MockDataSource.m */,
				EA108138101B39260098AAC2 /* Model Search */,
				EA108137101B39210098AAC2 /* Model States */,
			);
			name = Models;
			sourceTree = "<group>";
		};
		EA108137101B39210098AAC2 /* Model States */ = {
			isa = PBXGroup;
			children = (
				BE69B7570F62874900C02928 /* TableTestController.h */,
				BE69B7580F62874900C02928 /* TableTestController.m */,
			);
			name = "Model States";
			sourceTree = "<group>";
		};
		EA108138101B39260098AAC2 /* Model Search */ = {
			isa = PBXGroup;
			children = (
				BEE346BA0F48F15C008C826E /* SearchTestController.h */,
				BEE346BB0F48F15C008C826E /* SearchTestController.m */,
			);
			name = "Model Search";
			sourceTree = "<group>";
		};
		EA108141101B39510098AAC2 /* General */ = {
			isa = PBXGroup;
			children = (
				EA108148101B39660098AAC2 /* Web Image */,
				EA108149101B396A0098AAC2 /* YouTube Player */,
				EA10814F101B398C0098AAC2 /* Activity Labels */,
				EA108154101B39980098AAC2 /* Scroll View */,
			);
			name = General;
			sourceTree = "<group>";
		};
		EA108148101B39660098AAC2 /* Web Image */ = {
			isa = PBXGroup;
			children = (
				BE80E3A50EAF108500743358 /* ImageTest1Controller.h */,
				BE80E3A60EAF108500743358 /* ImageTest1Controller.m */,
			);
			name = "Web Image";
			sourceTree = "<group>";
		};
		EA108149101B396A0098AAC2 /* YouTube Player */ = {
			isa = PBXGroup;
			children = (
				BE8C0F7B0F2018C600EB0E98 /* YouTubeTestController.h */,
				BE8C0F7C0F2018C600EB0E98 /* YouTubeTestController.m */,
			);
			name = "YouTube Player";
			sourceTree = "<group>";
		};
		EA10814F101B398C0098AAC2 /* Activity Labels */ = {
			isa = PBXGroup;
			children = (
				BEE38E7F0EB288BA00189902 /* ActivityTestController.h */,
				BEE38E800EB288BA00189902 /* ActivityTestController.m */,
			);
			name = "Activity Labels";
			sourceTree = "<group>";
		};
		EA108154101B39980098AAC2 /* Scroll View */ = {
			isa = PBXGroup;
			children = (
				BEF6EC350F280CB300CF4096 /* ScrollViewTestController.h */,
				BEF6EC360F280CB300CF4096 /* ScrollViewTestController.m */,
			);
			name = "Scroll View";
			sourceTree = "<group>";
		};
		EA108168101B3A350098AAC2 /* Tables */ = {
			isa = PBXGroup;
			children = (
				EA108177101B3A630098AAC2 /* Table Items */,
				EA108175101B3A5C0098AAC2 /* Table Controls */,
				EA108172101B3A4A0098AAC2 /* Styled Labels in Table */,
				EA108169101B3A3A0098AAC2 /* Web Images in Table */,
				6E002564116A6CF900D1F0CB /* Table With Shadow */,
			);
			name = Tables;
			sourceTree = "<group>";
		};
		EA108169101B3A3A0098AAC2 /* Web Images in Table */ = {
			isa = PBXGroup;
			children = (
				BE80E36F0EAF0F3000743358 /* TableImageTestController.h */,
				BE80E3700EAF0F3000743358 /* TableImageTestController.m */,
			);
			name = "Web Images in Table";
			sourceTree = "<group>";
		};
		EA108172101B3A4A0098AAC2 /* Styled Labels in Table */ = {
			isa = PBXGroup;
			children = (
				BEF1991E0F818E720010D36E /* StyledTextTableTestController.h */,
				BEF1991F0F818E720010D36E /* StyledTextTableTestController.m */,
			);
			name = "Styled Labels in Table";
			sourceTree = "<group>";
		};
		EA108175101B3A5C0098AAC2 /* Table Controls */ = {
			isa = PBXGroup;
			children = (
				BE20A49A0FF418B2008791F4 /* TableControlsTestController.h */,
				BE20A49B0FF418B2008791F4 /* TableControlsTestController.m */,
			);
			name = "Table Controls";
			sourceTree = "<group>";
		};
		EA108177101B3A630098AAC2 /* Table Items */ = {
			isa = PBXGroup;
			children = (
				BE6E4AA30F4655A4001CE9B4 /* TableItemTestController.h */,
				BE6E4AA40F4655A4001CE9B4 /* TableItemTestController.m */,
			);
			name = "Table Items";
			sourceTree = "<group>";
		};
/* End PBXGroup section */

/* Begin PBXNativeTarget section */
		1D6058900D05DD3D006BFB54 /* TTCatalog */ = {
			isa = PBXNativeTarget;
			buildConfigurationList = 1D6058960D05DD3E006BFB54 /* Build configuration list for PBXNativeTarget "TTCatalog" */;
			buildPhases = (
				1D60588D0D05DD3D006BFB54 /* Resources */,
				1D60588E0D05DD3D006BFB54 /* Sources */,
				1D60588F0D05DD3D006BFB54 /* Frameworks */,
			);
			buildRules = (
			);
			dependencies = (
				6E7F97AB118E37CE00443B46 /* PBXTargetDependency */,
			);
			name = TTCatalog;
			productName = PhotoBrowser;
			productReference = 1D6058910D05DD3D006BFB54 /* TTCatalog.app */;
			productType = "com.apple.product-type.application";
		};
/* End PBXNativeTarget section */

/* Begin PBXProject section */
		29B97313FDCFA39411CA2CEA /* Project object */ = {
			isa = PBXProject;
			buildConfigurationList = C01FCF4E08A954540054247B /* Build configuration list for PBXProject "TTCatalog" */;
			compatibilityVersion = "Xcode 3.1";
			hasScannedForEncodings = 1;
			knownRegions = (
				English,
				Japanese,
				French,
				German,
				en,
			);
			mainGroup = 29B97314FDCFA39411CA2CEA /* CustomTemplate */;
			projectDirPath = "";
			projectReferences = (
				{
					ProductGroup = 9A09BAD111C56378008713FF /* Products */;
					ProjectRef = 9A09BAD011C56378008713FF /* Connect.xcodeproj */;
				},
				{
					ProductGroup = 6E7F9753118E37BA00443B46 /* Products */;
					ProjectRef = 6E7F9752118E37BA00443B46 /* Three20.xcodeproj */;
				},
			);
			projectRoot = "";
			targets = (
				1D6058900D05DD3D006BFB54 /* TTCatalog */,
			);
		};
/* End PBXProject section */

/* Begin PBXReferenceProxy section */
		6E7F977E118E37BB00443B46 /* libThree20.a */ = {
			isa = PBXReferenceProxy;
			fileType = archive.ar;
			path = libThree20.a;
			remoteRef = 6E7F977D118E37BB00443B46 /* PBXContainerItemProxy */;
			sourceTree = BUILT_PRODUCTS_DIR;
		};
		6E7F9780118E37BB00443B46 /* UnitTests.octest */ = {
			isa = PBXReferenceProxy;
			fileType = wrapper.cfbundle;
			path = UnitTests.octest;
			remoteRef = 6E7F977F118E37BB00443B46 /* PBXContainerItemProxy */;
			sourceTree = BUILT_PRODUCTS_DIR;
		};
		9A09BAD511C56378008713FF /* Connect.app */ = {
			isa = PBXReferenceProxy;
			fileType = wrapper.application;
			path = Connect.app;
			remoteRef = 9A09BAD411C56378008713FF /* PBXContainerItemProxy */;
			sourceTree = BUILT_PRODUCTS_DIR;
		};
/* End PBXReferenceProxy section */

/* Begin PBXResourcesBuildPhase section */
		1D60588D0D05DD3D006BFB54 /* Resources */ = {
			isa = PBXResourcesBuildPhase;
			buildActionMask = 2147483647;
			files = (
				BE6E4DC00F46A352001CE9B4 /* tableIcon.png in Resources */,
				BECB1CC20F46AE9600AE5B52 /* person.jpg in Resources */,
				BEDCFBB40F4FFF820060B7D1 /* Three20.bundle in Resources */,
				BE3188A10F822E2C00E3067D /* smiley.png in Resources */,
				BE1289C20F91811E00F65EA2 /* mask.png in Resources */,
				BEA6BA7F101431DA00B83B3A /* defaultPerson.png in Resources */,
				BEA6BAAD101436AC00B83B3A /* defaultMusic.png in Resources */,
				6E94C6AD116D98220012B12C /* Default.png in Resources */,
				9AE5B10211BC87AE00C07C1E /* Wordbook.png in Resources */,
				9AE5B10A11BC87D700C07C1E /* Dice.png in Resources */,
				9AE5B10C11BC87DC00C07C1E /* Dropbox.png in Resources */,
				9AE5B10E11BC87E300C07C1E /* facebook.png in Resources */,
				9AE5B11011BC87FC00C07C1E /* Monkey.png in Resources */,
				9AE5B12411BC88BB00C07C1E /* IRC.png in Resources */,
				9AE5B12611BC88BF00C07C1E /* Last.png in Resources */,
				9AE5B13011BC90D000C07C1E /* twitter.png in Resources */,
				9AE5B13611BC915B00C07C1E /* Mail.png in Resources */,
				9A09BA4B11C55E3D008713FF /* FBConnect.bundle in Resources */,
			);
			runOnlyForDeploymentPostprocessing = 0;
		};
/* End PBXResourcesBuildPhase section */

/* Begin PBXSourcesBuildPhase section */
		1D60588E0D05DD3D006BFB54 /* Sources */ = {
			isa = PBXSourcesBuildPhase;
			buildActionMask = 2147483647;
			files = (
				1D60589B0D05DD56006BFB54 /* main.m in Sources */,
				1D3623260D0F684500981E51 /* AppDelegate.m in Sources */,
				28C286E10D94DF7D0034E888 /* CatalogController.m in Sources */,
				BE80E3710EAF0F3000743358 /* TableImageTestController.m in Sources */,
				BE80E3A70EAF108500743358 /* ImageTest1Controller.m in Sources */,
				BEE38E810EB288BA00189902 /* ActivityTestController.m in Sources */,
				BE8C0F7D0F2018C600EB0E98 /* YouTubeTestController.m in Sources */,
				BEF6EC370F280CB300CF4096 /* ScrollViewTestController.m in Sources */,
				BE6E46EC0F4578BA001CE9B4 /* TabBarTestController.m in Sources */,
				BE6E4AA50F4655A4001CE9B4 /* TableItemTestController.m in Sources */,
				BEE341B40F480C76008C826E /* MessageTestController.m in Sources */,
				BEE346BC0F48F15C008C826E /* SearchTestController.m in Sources */,
				BEE348AC0F490F43008C826E /* MockDataSource.m in Sources */,
				BE69B7590F62874900C02928 /* TableTestController.m in Sources */,
				BEF199220F818E720010D36E /* StyledTextTableTestController.m in Sources */,
				BEC5EC680F8C307E007622CD /* ButtonTestController.m in Sources */,
				BE20A49C0FF418B2008791F4 /* TableControlsTestController.m in Sources */,
				BEC787631040A430005C00CF /* LauncherViewTestController.m in Sources */,
				6E002567116A6D1A00D1F0CB /* TableWithShadowController.m in Sources */,
				4C05F9B811B7917F002FCEDB /* LauncherViewSplashController.m in Sources */,
				9A09BA0711C55AE3008713FF /* MockPhotoSource.m in Sources */,
				9A09BA0811C55AE3008713FF /* PhotoTest1Controller.m in Sources */,
				9A09BA0911C55AE3008713FF /* PhotoTest2Controller.m in Sources */,
				9A09BA1111C55AF1008713FF /* StyleTestController.m in Sources */,
				9A09BA1211C55AF1008713FF /* StyledTextTestController.m in Sources */,
				9A09BA4211C55E3D008713FF /* FBConnectGlobal.m in Sources */,
				9A09BA4311C55E3D008713FF /* FBSession.m in Sources */,
				9A09BA4411C55E3D008713FF /* FBRequest.m in Sources */,
				9A09BA4511C55E3D008713FF /* FBXMLHandler.m in Sources */,
				9A09BA4611C55E3D008713FF /* FBLoginButton.m in Sources */,
				9A09BA4711C55E3D008713FF /* FBDialog.m in Sources */,
				9A09BA4811C55E3D008713FF /* FBLoginDialog.m in Sources */,
				9A09BA4911C55E3D008713FF /* FBPermissionDialog.m in Sources */,
				9A09BA4A11C55E3D008713FF /* FBStreamDialog.m in Sources */,
			);
			runOnlyForDeploymentPostprocessing = 0;
		};
/* End PBXSourcesBuildPhase section */

/* Begin PBXTargetDependency section */
		6E7F97AB118E37CE00443B46 /* PBXTargetDependency */ = {
			isa = PBXTargetDependency;
			name = Three20;
			targetProxy = 6E7F97AA118E37CE00443B46 /* PBXContainerItemProxy */;
		};
/* End PBXTargetDependency section */

/* Begin XCBuildConfiguration section */
		1D6058940D05DD3E006BFB54 /* Debug */ = {
			isa = XCBuildConfiguration;
			baseConfigurationReference = 6E7F9960118E3A6000443B46 /* App.xcconfig */;
			buildSettings = {
				CODE_SIGN_IDENTITY = "Don't Code Sign";
				COPY_PHASE_STRIP = NO;
				GCC_DYNAMIC_NO_PIC = NO;
				GCC_OPTIMIZATION_LEVEL = 0;
				GCC_PREPROCESSOR_DEFINITIONS = DEBUG;
				INFOPLIST_FILE = Info.plist;
				SDKROOT = iphonesimulator3.0;
			};
			name = Debug;
		};
		1D6058950D05DD3E006BFB54 /* Release */ = {
			isa = XCBuildConfiguration;
			baseConfigurationReference = 6E7F9960118E3A6000443B46 /* App.xcconfig */;
			buildSettings = {
				COPY_PHASE_STRIP = YES;
				INFOPLIST_FILE = Info.plist;
			};
			name = Release;
		};
		C01FCF4F08A954540054247B /* Debug */ = {
			isa = XCBuildConfiguration;
			baseConfigurationReference = 6E7F9961118E3A6000443B46 /* Project.xcconfig */;
			buildSettings = {
				ARCHS = "$(ARCHS_STANDARD_32_BIT)";
				CODE_SIGN_IDENTITY = "iPhone Developer";
				GCC_C_LANGUAGE_STANDARD = c99;
				GCC_WARN_ABOUT_RETURN_TYPE = YES;
				GCC_WARN_UNUSED_VARIABLE = YES;
				HEADER_SEARCH_PATHS = (
					"$(STDLIB_HEADERS)\n$(STDLIB_HEADERS)\n$(STDLIB_HEADERS)",
					.../facebook/src,
					"\"$(CONFIGURATION_BUILD_DIR)/../three20\"",
				);
				ONLY_ACTIVE_ARCH = YES;
				PREBINDING = NO;
				SDKROOT = iphonesimulator2.2;
			};
			name = Debug;
		};
		C01FCF5008A954540054247B /* Release */ = {
			isa = XCBuildConfiguration;
			baseConfigurationReference = 6E7F9961118E3A6000443B46 /* Project.xcconfig */;
			buildSettings = {
				ARCHS = "$(ARCHS_STANDARD_32_BIT)";
				"CODE_SIGN_IDENTITY[sdk=iphoneos*]" = "iPhone Developer";
				GCC_C_LANGUAGE_STANDARD = c99;
				GCC_WARN_ABOUT_RETURN_TYPE = YES;
				GCC_WARN_UNUSED_VARIABLE = YES;
				PREBINDING = NO;
				"PROVISIONING_PROFILE[sdk=iphoneos*]" = DefaultProfileUuid;
				SDKROOT = iphonesimulator2.2;
			};
			name = Release;
		};
/* End XCBuildConfiguration section */

/* Begin XCConfigurationList section */
		1D6058960D05DD3E006BFB54 /* Build configuration list for PBXNativeTarget "TTCatalog" */ = {
			isa = XCConfigurationList;
			buildConfigurations = (
				1D6058940D05DD3E006BFB54 /* Debug */,
				1D6058950D05DD3E006BFB54 /* Release */,
			);
			defaultConfigurationIsVisible = 0;
			defaultConfigurationName = Release;
		};
		C01FCF4E08A954540054247B /* Build configuration list for PBXProject "TTCatalog" */ = {
			isa = XCConfigurationList;
			buildConfigurations = (
				C01FCF4F08A954540054247B /* Debug */,
				C01FCF5008A954540054247B /* Release */,
			);
			defaultConfigurationIsVisible = 0;
			defaultConfigurationName = Release;
		};
/* End XCConfigurationList section */
	};
	rootObject = 29B97313FDCFA39411CA2CEA /* Project object */;
}
